// !$*UTF8*$!
{
	archiveVersion = 1;
	classes = {
	};
	objectVersion = 50;
	objects = {

/* Begin PBXBuildFile section */
		B60C5A3922EDCFC40061785A /* AppDelegate.swift in Sources */ = {isa = PBXBuildFile; fileRef = B60C5A3822EDCFC40061785A /* AppDelegate.swift */; };
		B60C5A3B22EDCFC40061785A /* AddBirthdayViewController.swift in Sources */ = {isa = PBXBuildFile; fileRef = B60C5A3A22EDCFC40061785A /* AddBirthdayViewController.swift */; };
		B60C5A3E22EDCFC40061785A /* Main.storyboard in Resources */ = {isa = PBXBuildFile; fileRef = B60C5A3C22EDCFC40061785A /* Main.storyboard */; };
		B60C5A4122EDCFC40061785A /* BirthdayTracker.xcdatamodeld in Sources */ = {isa = PBXBuildFile; fileRef = B60C5A3F22EDCFC40061785A /* BirthdayTracker.xcdatamodeld */; };
		B60C5A4322EDCFC50061785A /* Assets.xcassets in Resources */ = {isa = PBXBuildFile; fileRef = B60C5A4222EDCFC50061785A /* Assets.xcassets */; };
		B60C5A4622EDCFC50061785A /* LaunchScreen.storyboard in Resources */ = {isa = PBXBuildFile; fileRef = B60C5A4422EDCFC50061785A /* LaunchScreen.storyboard */; };
		B64E6D7E22EF5DB1008D32B4 /* Birthday.swift in Sources */ = {isa = PBXBuildFile; fileRef = B64E6D7D22EF5DB1008D32B4 /* Birthday.swift */; };
		B69DE4DD22F0B5EF009B672C /* BirthdaysTableViewController.swift in Sources */ = {isa = PBXBuildFile; fileRef = B69DE4DC22F0B5EF009B672C /* BirthdaysTableViewController.swift */; };
/* End PBXBuildFile section */

/* Begin PBXFileReference section */
		B60C5A3522EDCFC40061785A /* BirthdayTracker.app */ = {isa = PBXFileReference; explicitFileType = wrapper.application; includeInIndex = 0; path = BirthdayTracker.app; sourceTree = BUILT_PRODUCTS_DIR; };
		B60C5A3822EDCFC40061785A /* AppDelegate.swift */ = {isa = PBXFileReference; lastKnownFileType = sourcecode.swift; path = AppDelegate.swift; sourceTree = "<group>"; };
		B60C5A3A22EDCFC40061785A /* AddBirthdayViewController.swift */ = {isa = PBXFileReference; lastKnownFileType = sourcecode.swift; path = AddBirthdayViewController.swift; sourceTree = "<group>"; };
		B60C5A3D22EDCFC40061785A /* Base */ = {isa = PBXFileReference; lastKnownFileType = file.storyboard; name = Base; path = Base.lproj/Main.storyboard; sourceTree = "<group>"; };
		B60C5A4022EDCFC40061785A /* BirthdayTracker.xcdatamodel */ = {isa = PBXFileReference; lastKnownFileType = wrapper.xcdatamodel; path = BirthdayTracker.xcdatamodel; sourceTree = "<group>"; };
		B60C5A4222EDCFC50061785A /* Assets.xcassets */ = {isa = PBXFileReference; lastKnownFileType = folder.assetcatalog; path = Assets.xcassets; sourceTree = "<group>"; };
		B60C5A4522EDCFC50061785A /* Base */ = {isa = PBXFileReference; lastKnownFileType = file.storyboard; name = Base; path = Base.lproj/LaunchScreen.storyboard; sourceTree = "<group>"; };
		B60C5A4722EDCFC50061785A /* Info.plist */ = {isa = PBXFileReference; lastKnownFileType = text.plist.xml; path = Info.plist; sourceTree = "<group>"; };
		B64E6D7D22EF5DB1008D32B4 /* Birthday.swift */ = {isa = PBXFileReference; lastKnownFileType = sourcecode.swift; path = Birthday.swift; sourceTree = "<group>"; };
		B69DE4DC22F0B5EF009B672C /* BirthdaysTableViewController.swift */ = {isa = PBXFileReference; lastKnownFileType = sourcecode.swift; path = BirthdaysTableViewController.swift; sourceTree = "<group>"; };
/* End PBXFileReference section */

/* Begin PBXFrameworksBuildPhase section */
		B60C5A3222EDCFC40061785A /* Frameworks */ = {
			isa = PBXFrameworksBuildPhase;
			buildActionMask = 2147483647;
			files = (
			);
			runOnlyForDeploymentPostprocessing = 0;
		};
/* End PBXFrameworksBuildPhase section */

/* Begin PBXGroup section */
		B60C5A2C22EDCFC40061785A = {
			isa = PBXGroup;
			children = (
				B60C5A3722EDCFC40061785A /* BirthdayTracker */,
				B60C5A3622EDCFC40061785A /* Products */,
			);
			sourceTree = "<group>";
		};
		B60C5A3622EDCFC40061785A /* Products */ = {
			isa = PBXGroup;
			children = (
				B60C5A3522EDCFC40061785A /* BirthdayTracker.app */,
			);
			name = Products;
			sourceTree = "<group>";
		};
		B60C5A3722EDCFC40061785A /* BirthdayTracker */ = {
			isa = PBXGroup;
			children = (
				B60C5A3822EDCFC40061785A /* AppDelegate.swift */,
				B60C5A3A22EDCFC40061785A /* AddBirthdayViewController.swift */,
				B60C5A3C22EDCFC40061785A /* Main.storyboard */,
				B60C5A4222EDCFC50061785A /* Assets.xcassets */,
				B60C5A4422EDCFC50061785A /* LaunchScreen.storyboard */,
				B60C5A4722EDCFC50061785A /* Info.plist */,
				B60C5A3F22EDCFC40061785A /* BirthdayTracker.xcdatamodeld */,
				B64E6D7D22EF5DB1008D32B4 /* Birthday.swift */,
				B69DE4DC22F0B5EF009B672C /* BirthdaysTableViewController.swift */,
			);
			path = BirthdayTracker;
			sourceTree = "<group>";
		};
/* End PBXGroup section */

/* Begin PBXNativeTarget section */
		B60C5A3422EDCFC40061785A /* BirthdayTracker */ = {
			isa = PBXNativeTarget;
			buildConfigurationList = B60C5A4A22EDCFC50061785A /* Build configuration list for PBXNativeTarget "BirthdayTracker" */;
			buildPhases = (
				B60C5A3122EDCFC40061785A /* Sources */,
				B60C5A3222EDCFC40061785A /* Frameworks */,
				B60C5A3322EDCFC40061785A /* Resources */,
			);
			buildRules = (
			);
			dependencies = (
			);
			name = BirthdayTracker;
			productName = BirthdayTracker;
			productReference = B60C5A3522EDCFC40061785A /* BirthdayTracker.app */;
			productType = "com.apple.product-type.application";
		};
/* End PBXNativeTarget section */

/* Begin PBXProject section */
		B60C5A2D22EDCFC40061785A /* Project object */ = {
			isa = PBXProject;
			attributes = {
				LastSwiftUpdateCheck = 1030;
				LastUpgradeCheck = 1030;
				ORGANIZATIONNAME = "Valeriy Chernobrovyi";
				TargetAttributes = {
					B60C5A3422EDCFC40061785A = {
						CreatedOnToolsVersion = 10.3;
					};
				};
			};
			buildConfigurationList = B60C5A3022EDCFC40061785A /* Build configuration list for PBXProject "BirthdayTracker" */;
			compatibilityVersion = "Xcode 9.3";
			developmentRegion = en;
			hasScannedForEncodings = 0;
			knownRegions = (
				en,
				Base,
			);
			mainGroup = B60C5A2C22EDCFC40061785A;
			productRefGroup = B60C5A3622EDCFC40061785A /* Products */;
			projectDirPath = "";
			projectRoot = "";
			targets = (
				B60C5A3422EDCFC40061785A /* BirthdayTracker */,
			);
		};
/* End PBXProject section */

/* Begin PBXResourcesBuildPhase section */
		B60C5A3322EDCFC40061785A /* Resources */ = {
			isa = PBXResourcesBuildPhase;
			buildActionMask = 2147483647;
			files = (
				B60C5A4622EDCFC50061785A /* LaunchScreen.storyboard in Resources */,
				B60C5A4322EDCFC50061785A /* Assets.xcassets in Resources */,
				B60C5A3E22EDCFC40061785A /* Main.storyboard in Resources */,
			);
			runOnlyForDeploymentPostprocessing = 0;
		};
/* End PBXResourcesBuildPhase section */

/* Begin PBXSourcesBuildPhase section */
		B60C5A3122EDCFC40061785A /* Sources */ = {
			isa = PBXSourcesBuildPhase;
			buildActionMask = 2147483647;
			files = (
				B69DE4DD22F0B5EF009B672C /* BirthdaysTableViewController.swift in Sources */,
				B64E6D7E22EF5DB1008D32B4 /* Birthday.swift in Sources */,
				B60C5A3B22EDCFC40061785A /* AddBirthdayViewController.swift in Sources */,
				B60C5A4122EDCFC40061785A /* BirthdayTracker.xcdatamodeld in Sources */,
				B60C5A3922EDCFC40061785A /* AppDelegate.swift in Sources */,
			);
			runOnlyForDeploymentPostprocessing = 0;
		};
/* End PBXSourcesBuildPhase section */

/* Begin PBXVariantGroup section */
		B60C5A3C22EDCFC40061785A /* Main.storyboard */ = {
			isa = PBXVariantGroup;
			children = (
				B60C5A3D22EDCFC40061785A /* Base */,
			);
			name = Main.storyboard;
			sourceTree = "<group>";
		};
		B60C5A4422EDCFC50061785A /* LaunchScreen.storyboard */ = {
			isa = PBXVariantGroup;
			children = (
				B60C5A4522EDCFC50061785A /* Base */,
			);
			name = LaunchScreen.storyboard;
			sourceTree = "<group>";
		};
/* End PBXVariantGroup section */

/* Begin XCBuildConfiguration section */
		B60C5A4822EDCFC50061785A /* Debug */ = {
			isa = XCBuildConfiguration;
			buildSettings = {
				ALWAYS_SEARCH_USER_PATHS = NO;
				CLANG_ANALYZER_NONNULL = YES;
				CLANG_ANALYZER_NUMBER_OBJECT_CONVERSION = YES_AGGRESSIVE;
				CLANG_CXX_LANGUAGE_STANDARD = "gnu++14";
				CLANG_CXX_LIBRARY = "libc++";
				CLANG_ENABLE_MODULES = YES;
				CLANG_ENABLE_OBJC_ARC = YES;
				CLANG_ENABLE_OBJC_WEAK = YES;
				CLANG_WARN_BLOCK_CAPTURE_AUTORELEASING = YES;
				CLANG_WARN_BOOL_CONVERSION = YES;
				CLANG_WARN_COMMA = YES;
				CLANG_WARN_CONSTANT_CONVERSION = YES;
				CLANG_WARN_DEPRECATED_OBJC_IMPLEMENTATIONS = YES;
				CLANG_WARN_DIRECT_OBJC_ISA_USAGE = YES_ERROR;
				CLANG_WARN_DOCUMENTATION_COMMENTS = YES;
				CLANG_WARN_EMPTY_BODY = YES;
				CLANG_WARN_ENUM_CONVERSION = YES;
				CLANG_WARN_INFINITE_RECURSION = YES;
				CLANG_WARN_INT_CONVERSION = YES;
				CLANG_WARN_NON_LITERAL_NULL_CONVERSION = YES;
				CLANG_WARN_OBJC_IMPLICIT_RETAIN_SELF = YES;
				CLANG_WARN_OBJC_LITERAL_CONVERSION = YES;
				CLANG_WARN_OBJC_ROOT_CLASS = YES_ERROR;
				CLANG_WARN_RANGE_LOOP_ANALYSIS = YES;
				CLANG_WARN_STRICT_PROTOTYPES = YES;
				CLANG_WARN_SUSPICIOUS_MOVE = YES;
				CLANG_WARN_UNGUARDED_AVAILABILITY = YES_AGGRESSIVE;
				CLANG_WARN_UNREACHABLE_CODE = YES;
				CLANG_WARN__DUPLICATE_METHOD_MATCH = YES;
				CODE_SIGN_IDENTITY = "iPhone Developer";
				COPY_PHASE_STRIP = NO;
				DEBUG_INFORMATION_FORMAT = dwarf;
				ENABLE_STRICT_OBJC_MSGSEND = YES;
				ENABLE_TESTABILITY = YES;
				GCC_C_LANGUAGE_STANDARD = gnu11;
				GCC_DYNAMIC_NO_PIC = NO;
				GCC_NO_COMMON_BLOCKS = YES;
				GCC_OPTIMIZATION_LEVEL = 0;
				GCC_PREPROCESSOR_DEFINITIONS = (
					"DEBUG=1",
					"$(inherited)",
				);
				GCC_WARN_64_TO_32_BIT_CONVERSION = YES;
				GCC_WARN_ABOUT_RETURN_TYPE = YES_ERROR;
				GCC_WARN_UNDECLARED_SELECTOR = YES;
				GCC_WARN_UNINITIALIZED_AUTOS = YES_AGGRESSIVE;
				GCC_WARN_UNUSED_FUNCTION = YES;
				GCC_WARN_UNUSED_VARIABLE = YES;
				IPHONEOS_DEPLOYMENT_TARGET = 12.4;
				MTL_ENABLE_DEBUG_INFO = INCLUDE_SOURCE;
				MTL_FAST_MATH = YES;
				ONLY_ACTIVE_ARCH = YES;
				SDKROOT = iphoneos;
				SWIFT_ACTIVE_COMPILATION_CONDITIONS = DEBUG;
				SWIFT_OPTIMIZATION_LEVEL = "-Onone";
			};
			name = Debug;
		};
		B60C5A4922EDCFC50061785A /* Release */ = {
			isa = XCBuildConfiguration;
			buildSettings = {
				ALWAYS_SEARCH_USER_PATHS = NO;
				CLANG_ANALYZER_NONNULL = YES;
				CLANG_ANALYZER_NUMBER_OBJECT_CONVERSION = YES_AGGRESSIVE;
				CLANG_CXX_LANGUAGE_STANDARD = "gnu++14";
				CLANG_CXX_LIBRARY = "libc++";
				CLANG_ENABLE_MODULES = YES;
				CLANG_ENABLE_OBJC_ARC = YES;
				CLANG_ENABLE_OBJC_WEAK = YES;
				CLANG_WARN_BLOCK_CAPTURE_AUTORELEASING = YES;
				CLANG_WARN_BOOL_CONVERSION = YES;
				CLANG_WARN_COMMA = YES;
				CLANG_WARN_CONSTANT_CONVERSION = YES;
				CLANG_WARN_DEPRECATED_OBJC_IMPLEMENTATIONS = YES;
				CLANG_WARN_DIRECT_OBJC_ISA_USAGE = YES_ERROR;
				CLANG_WARN_DOCUMENTATION_COMMENTS = YES;
				CLANG_WARN_EMPTY_BODY = YES;
				CLANG_WARN_ENUM_CONVERSION = YES;
				CLANG_WARN_INFINITE_RECURSION = YES;
				CLANG_WARN_INT_CONVERSION = YES;
				CLANG_WARN_NON_LITERAL_NULL_CONVERSION = YES;
				CLANG_WARN_OBJC_IMPLICIT_RETAIN_SELF = YES;
				CLANG_WARN_OBJC_LITERAL_CONVERSION = YES;
				CLANG_WARN_OBJC_ROOT_CLASS = YES_ERROR;
				CLANG_WARN_RANGE_LOOP_ANALYSIS = YES;
				CLANG_WARN_STRICT_PROTOTYPES = YES;
				CLANG_WARN_SUSPICIOUS_MOVE = YES;
				CLANG_WARN_UNGUARDED_AVAILABILITY = YES_AGGRESSIVE;
				CLANG_WARN_UNREACHABLE_CODE = YES;
				CLANG_WARN__DUPLICATE_METHOD_MATCH = YES;
				CODE_SIGN_IDENTITY = "iPhone Developer";
				COPY_PHASE_STRIP = NO;
				DEBUG_INFORMATION_FORMAT = "dwarf-with-dsym";
				ENABLE_NS_ASSERTIONS = NO;
				ENABLE_STRICT_OBJC_MSGSEND = YES;
				GCC_C_LANGUAGE_STANDARD = gnu11;
				GCC_NO_COMMON_BLOCKS = YES;
				GCC_WARN_64_TO_32_BIT_CONVERSION = YES;
				GCC_WARN_ABOUT_RETURN_TYPE = YES_ERROR;
				GCC_WARN_UNDECLARED_SELECTOR = YES;
				GCC_WARN_UNINITIALIZED_AUTOS = YES_AGGRESSIVE;
				GCC_WARN_UNUSED_FUNCTION = YES;
				GCC_WARN_UNUSED_VARIABLE = YES;
				IPHONEOS_DEPLOYMENT_TARGET = 12.4;
				MTL_ENABLE_DEBUG_INFO = NO;
				MTL_FAST_MATH = YES;
				SDKROOT = iphoneos;
				SWIFT_COMPILATION_MODE = wholemodule;
				SWIFT_OPTIMIZATION_LEVEL = "-O";
				VALIDATE_PRODUCT = YES;
			};
			name = Release;
		};
		B60C5A4B22EDCFC50061785A /* Debug */ = {
			isa = XCBuildConfiguration;
			buildSettings = {
				ASSETCATALOG_COMPILER_APPICON_NAME = AppIcon;
				CODE_SIGN_IDENTITY = "iPhone Developer";
				CODE_SIGN_STYLE = Automatic;
				DEVELOPMENT_TEAM = WGD9WCNK77;
				INFOPLIST_FILE = BirthdayTracker/Info.plist;
				LD_RUNPATH_SEARCH_PATHS = (
					"$(inherited)",
					"@executable_path/Frameworks",
				);
				PRODUCT_BUNDLE_IDENTIFIER = com.chernobrovyi.iBirthdayTracker;
				PRODUCT_NAME = "$(TARGET_NAME)";
				PROVISIONING_PROFILE_SPECIFIER = "";
				SWIFT_VERSION = 5.0;
				TARGETED_DEVICE_FAMILY = 1;
			};
			name = Debug;
		};
		B60C5A4C22EDCFC50061785A /* Release */ = {
			isa = XCBuildConfiguration;
			buildSettings = {
				ASSETCATALOG_COMPILER_APPICON_NAME = AppIcon;
				CODE_SIGN_IDENTITY = "iPhone Developer";
				CODE_SIGN_STYLE = Automatic;
				DEVELOPMENT_TEAM = WGD9WCNK77;
				INFOPLIST_FILE = BirthdayTracker/Info.plist;
				LD_RUNPATH_SEARCH_PATHS = (
					"$(inherited)",
					"@executable_path/Frameworks",
				);
				PRODUCT_BUNDLE_IDENTIFIER = com.chernobrovyi.iBirthdayTracker;
				PRODUCT_NAME = "$(TARGET_NAME)";
				PROVISIONING_PROFILE_SPECIFIER = "";
				SWIFT_VERSION = 5.0;
				TARGETED_DEVICE_FAMILY = 1;
			};
			name = Release;
		};
/* End XCBuildConfiguration section */

/* Begin XCConfigurationList section */
		B60C5A3022EDCFC40061785A /* Build configuration list for PBXProject "BirthdayTracker" */ = {
			isa = XCConfigurationList;
			buildConfigurations = (
				B60C5A4822EDCFC50061785A /* Debug */,
				B60C5A4922EDCFC50061785A /* Release */,
			);
			defaultConfigurationIsVisible = 0;
			defaultConfigurationName = Release;
		};
		B60C5A4A22EDCFC50061785A /* Build configuration list for PBXNativeTarget "BirthdayTracker" */ = {
			isa = XCConfigurationList;
			buildConfigurations = (
				B60C5A4B22EDCFC50061785A /* Debug */,
				B60C5A4C22EDCFC50061785A /* Release */,
			);
			defaultConfigurationIsVisible = 0;
			defaultConfigurationName = Release;
		};
/* End XCConfigurationList section */

/* Begin XCVersionGroup section */
		B60C5A3F22EDCFC40061785A /* BirthdayTracker.xcdatamodeld */ = {
			isa = XCVersionGroup;
			children = (
				B60C5A4022EDCFC40061785A /* BirthdayTracker.xcdatamodel */,
			);
			currentVersion = B60C5A4022EDCFC40061785A /* BirthdayTracker.xcdatamodel */;
			path = BirthdayTracker.xcdatamodeld;
			sourceTree = "<group>";
			versionGroupType = wrapper.xcdatamodel;
		};
/* End XCVersionGroup section */
	};
	rootObject = B60C5A2D22EDCFC40061785A /* Project object */;
}
